
Microsoft Visual Studio Solution File, Format Version 12.00
# Visual Studio 15
VisualStudioVersion = 15.0.26730.15
MinimumVisualStudioVersion = 10.0.40219.1
Project("{2150E333-8FDC-42A3-9474-1A3956D46DE8}") = ".paket", ".paket", "{71ABC335-437A-4B9F-B499-90576FE154FC}"
	ProjectSection(SolutionItems) = preProject
		paket.dependencies = paket.dependencies
		paket.lock = paket.lock
		.paket\Readme.paket.md = .paket\Readme.paket.md
	EndProjectSection
EndProject
Project("{9A19103F-16F7-4668-BE54-9A1E7A4F7556}") = "RoslynSandbox", "RoslynSandbox\RoslynSandbox.csproj", "{2D24EAFE-7EF0-4BED-9E59-099F8DACF7D4}"
EndProject
Project("{FAE04EC0-301F-11D3-BF4B-00C04F79EFBC}") = "AnalyzerBox", "AnalyzerBox\AnalyzerBox.csproj", "{97369E16-7DE8-4B3F-8E7A-FBD65936A7DF}"
EndProject
Project("{FAE04EC0-301F-11D3-BF4B-00C04F79EFBC}") = "AnalyzerBox.Vsix", "AnalyzerBox.Vsix\AnalyzerBox.Vsix.csproj", "{3BC9950D-DC6A-4E36-B1D7-F0DB2F595CDA}"
EndProject
Global
	GlobalSection(SolutionConfigurationPlatforms) = preSolution
		Debug|Any CPU = Debug|Any CPU
		Release|Any CPU = Release|Any CPU
	EndGlobalSection
	GlobalSection(ProjectConfigurationPlatforms) = postSolution
		{2D24EAFE-7EF0-4BED-9E59-099F8DACF7D4}.Debug|Any CPU.ActiveCfg = Debug|Any CPU
		{2D24EAFE-7EF0-4BED-9E59-099F8DACF7D4}.Debug|Any CPU.Build.0 = Debug|Any CPU
		{2D24EAFE-7EF0-4BED-9E59-099F8DACF7D4}.Release|Any CPU.ActiveCfg = Release|Any CPU
		{2D24EAFE-7EF0-4BED-9E59-099F8DACF7D4}.Release|Any CPU.Build.0 = Release|Any CPU
		{97369E16-7DE8-4B3F-8E7A-FBD65936A7DF}.Debug|Any CPU.ActiveCfg = Debug|Any CPU
		{97369E16-7DE8-4B3F-8E7A-FBD65936A7DF}.Debug|Any CPU.Build.0 = Debug|Any CPU
		{97369E16-7DE8-4B3F-8E7A-FBD65936A7DF}.Release|Any CPU.ActiveCfg = Release|Any CPU
		{97369E16-7DE8-4B3F-8E7A-FBD65936A7DF}.Release|Any CPU.Build.0 = Release|Any CPU
		{3BC9950D-DC6A-4E36-B1D7-F0DB2F595CDA}.Debug|Any CPU.ActiveCfg = Debug|Any CPU
		{3BC9950D-DC6A-4E36-B1D7-F0DB2F595CDA}.Debug|Any CPU.Build.0 = Debug|Any CPU
		{3BC9950D-DC6A-4E36-B1D7-F0DB2F595CDA}.Release|Any CPU.ActiveCfg = Release|Any CPU
		{3BC9950D-DC6A-4E36-B1D7-F0DB2F595CDA}.Release|Any CPU.Build.0 = Release|Any CPU
	EndGlobalSection
	GlobalSection(SolutionProperties) = preSolution
		HideSolutionNode = FALSE
	EndGlobalSection
	GlobalSection(ExtensibilityGlobals) = postSolution
		SolutionGuid = {076C0658-A468-4C2C-9F38-53D254E9997B}
	EndGlobalSection
EndGlobal
